// !$*UTF8*$!
{
	archiveVersion = 1;
	classes = {
	};
	objectVersion = 56;
	objects = {

/* Begin PBXBuildFile section */
		520A5EA32C51E6B2000E3A8D /* Screenshot 2024-07-25 at 8.49.32 in the morning.png in Resources */ = {isa = PBXBuildFile; fileRef = 520A5EA22C51E6B2000E3A8D /* Screenshot 2024-07-25 at 8.49.32 in the morning.png */; };
		520A5EA52C51E6C7000E3A8D /* Screenshot 2024-07-25 at 8.49.53 in the morning.png in Resources */ = {isa = PBXBuildFile; fileRef = 520A5EA42C51E6C7000E3A8D /* Screenshot 2024-07-25 at 8.49.53 in the morning.png */; };
		52E803B92C51019B0001D916 /* AppDelegate.swift in Sources */ = {isa = PBXBuildFile; fileRef = 52E803B82C51019B0001D916 /* AppDelegate.swift */; };
		52E803BD2C51019B0001D916 /* ViewController.swift in Sources */ = {isa = PBXBuildFile; fileRef = 52E803BC2C51019B0001D916 /* ViewController.swift */; };
		52E803C02C51019B0001D916 /* Base in Resources */ = {isa = PBXBuildFile; fileRef = 52E803BF2C51019B0001D916 /* Base */; };
		52E803C22C51019D0001D916 /* Assets.xcassets in Resources */ = {isa = PBXBuildFile; fileRef = 52E803C12C51019D0001D916 /* Assets.xcassets */; };
		52E803C52C51019D0001D916 /* Base in Resources */ = {isa = PBXBuildFile; fileRef = 52E803C42C51019D0001D916 /* Base */; };
		52E803D42C51021F0001D916 /* LineChartDelegate.swift in Sources */ = {isa = PBXBuildFile; fileRef = 52E803CD2C51021F0001D916 /* LineChartDelegate.swift */; };
		52E803D52C51021F0001D916 /* BezierSegmentControlPoints.swift in Sources */ = {isa = PBXBuildFile; fileRef = 52E803CE2C51021F0001D916 /* BezierSegmentControlPoints.swift */; };
		52E803D62C51021F0001D916 /* LineChartDataSource.swift in Sources */ = {isa = PBXBuildFile; fileRef = 52E803CF2C51021F0001D916 /* LineChartDataSource.swift */; };
		52E803D72C51021F0001D916 /* LineChartHelper.swift in Sources */ = {isa = PBXBuildFile; fileRef = 52E803D02C51021F0001D916 /* LineChartHelper.swift */; };
		52E803D82C51021F0001D916 /* CenterTextLayer.swift in Sources */ = {isa = PBXBuildFile; fileRef = 52E803D12C51021F0001D916 /* CenterTextLayer.swift */; };
		52E803D92C51021F0001D916 /* LineChartData.swift in Sources */ = {isa = PBXBuildFile; fileRef = 52E803D22C51021F0001D916 /* LineChartData.swift */; };
		52E803DA2C51021F0001D916 /* LineChartView.swift in Sources */ = {isa = PBXBuildFile; fileRef = 52E803D32C51021F0001D916 /* LineChartView.swift */; };
		52E803DC2C510B900001D916 /* README.md in Resources */ = {isa = PBXBuildFile; fileRef = 52E803DB2C510B900001D916 /* README.md */; };
/* End PBXBuildFile section */

/* Begin PBXFileReference section */
		520A5EA22C51E6B2000E3A8D /* Screenshot 2024-07-25 at 8.49.32 in the morning.png */ = {isa = PBXFileReference; lastKnownFileType = image.png; path = "Screenshot 2024-07-25 at 8.49.32 in the morning.png"; sourceTree = "<group>"; };
		520A5EA42C51E6C7000E3A8D /* Screenshot 2024-07-25 at 8.49.53 in the morning.png */ = {isa = PBXFileReference; lastKnownFileType = image.png; path = "Screenshot 2024-07-25 at 8.49.53 in the morning.png"; sourceTree = "<group>"; };
		52E803B52C51019B0001D916 /* SwiftLineChart.app */ = {isa = PBXFileReference; explicitFileType = wrapper.application; includeInIndex = 0; path = SwiftLineChart.app; sourceTree = BUILT_PRODUCTS_DIR; };
		52E803B82C51019B0001D916 /* AppDelegate.swift */ = {isa = PBXFileReference; lastKnownFileType = sourcecode.swift; path = AppDelegate.swift; sourceTree = "<group>"; };
		52E803BC2C51019B0001D916 /* ViewController.swift */ = {isa = PBXFileReference; lastKnownFileType = sourcecode.swift; path = ViewController.swift; sourceTree = "<group>"; };
		52E803BF2C51019B0001D916 /* Base */ = {isa = PBXFileReference; lastKnownFileType = file.storyboard; name = Base; path = Base.lproj/Main.storyboard; sourceTree = "<group>"; };
		52E803C12C51019D0001D916 /* Assets.xcassets */ = {isa = PBXFileReference; lastKnownFileType = folder.assetcatalog; path = Assets.xcassets; sourceTree = "<group>"; };
		52E803C42C51019D0001D916 /* Base */ = {isa = PBXFileReference; lastKnownFileType = file.storyboard; name = Base; path = Base.lproj/LaunchScreen.storyboard; sourceTree = "<group>"; };
		52E803C62C51019D0001D916 /* Info.plist */ = {isa = PBXFileReference; lastKnownFileType = text.plist.xml; path = Info.plist; sourceTree = "<group>"; };
		52E803CD2C51021F0001D916 /* LineChartDelegate.swift */ = {isa = PBXFileReference; fileEncoding = 4; lastKnownFileType = sourcecode.swift; path = LineChartDelegate.swift; sourceTree = "<group>"; };
		52E803CE2C51021F0001D916 /* BezierSegmentControlPoints.swift */ = {isa = PBXFileReference; fileEncoding = 4; lastKnownFileType = sourcecode.swift; path = BezierSegmentControlPoints.swift; sourceTree = "<group>"; };
		52E803CF2C51021F0001D916 /* LineChartDataSource.swift */ = {isa = PBXFileReference; fileEncoding = 4; lastKnownFileType = sourcecode.swift; path = LineChartDataSource.swift; sourceTree = "<group>"; };
		52E803D02C51021F0001D916 /* LineChartHelper.swift */ = {isa = PBXFileReference; fileEncoding = 4; lastKnownFileType = sourcecode.swift; path = LineChartHelper.swift; sourceTree = "<group>"; };
		52E803D12C51021F0001D916 /* CenterTextLayer.swift */ = {isa = PBXFileReference; fileEncoding = 4; lastKnownFileType = sourcecode.swift; path = CenterTextLayer.swift; sourceTree = "<group>"; };
		52E803D22C51021F0001D916 /* LineChartData.swift */ = {isa = PBXFileReference; fileEncoding = 4; lastKnownFileType = sourcecode.swift; path = LineChartData.swift; sourceTree = "<group>"; };
		52E803D32C51021F0001D916 /* LineChartView.swift */ = {isa = PBXFileReference; fileEncoding = 4; lastKnownFileType = sourcecode.swift; path = LineChartView.swift; sourceTree = "<group>"; };
		52E803DB2C510B900001D916 /* README.md */ = {isa = PBXFileReference; lastKnownFileType = net.daringfireball.markdown; path = README.md; sourceTree = "<group>"; };
/* End PBXFileReference section */

/* Begin PBXFrameworksBuildPhase section */
		52E803B22C51019B0001D916 /* Frameworks */ = {
			isa = PBXFrameworksBuildPhase;
			buildActionMask = 2147483647;
			files = (
			);
			runOnlyForDeploymentPostprocessing = 0;
		};
/* End PBXFrameworksBuildPhase section */

/* Begin PBXGroup section */
		520A5EA12C51E68E000E3A8D /* image */ = {
			isa = PBXGroup;
			children = (
				520A5EA22C51E6B2000E3A8D /* Screenshot 2024-07-25 at 8.49.32 in the morning.png */,
				520A5EA42C51E6C7000E3A8D /* Screenshot 2024-07-25 at 8.49.53 in the morning.png */,
			);
			path = image;
			sourceTree = "<group>";
		};
		52E803AC2C51019B0001D916 = {
			isa = PBXGroup;
			children = (
				520A5EA12C51E68E000E3A8D /* image */,
				52E803B72C51019B0001D916 /* SwiftLineChart */,
				52E803B62C51019B0001D916 /* Products */,
			);
			sourceTree = "<group>";
		};
		52E803B62C51019B0001D916 /* Products */ = {
			isa = PBXGroup;
			children = (
				52E803B52C51019B0001D916 /* SwiftLineChart.app */,
			);
			name = Products;
			sourceTree = "<group>";
		};
		52E803B72C51019B0001D916 /* SwiftLineChart */ = {
			isa = PBXGroup;
			children = (
				52E803CC2C5101ED0001D916 /* LineChartView */,
				52E803B82C51019B0001D916 /* AppDelegate.swift */,
				52E803BC2C51019B0001D916 /* ViewController.swift */,
				52E803BE2C51019B0001D916 /* Main.storyboard */,
				52E803C12C51019D0001D916 /* Assets.xcassets */,
				52E803C32C51019D0001D916 /* LaunchScreen.storyboard */,
				52E803C62C51019D0001D916 /* Info.plist */,
				52E803DB2C510B900001D916 /* README.md */,
			);
			path = SwiftLineChart;
			sourceTree = "<group>";
		};
		52E803CC2C5101ED0001D916 /* LineChartView */ = {
			isa = PBXGroup;
			children = (
				52E803CE2C51021F0001D916 /* BezierSegmentControlPoints.swift */,
				52E803D12C51021F0001D916 /* CenterTextLayer.swift */,
				52E803D22C51021F0001D916 /* LineChartData.swift */,
				52E803CF2C51021F0001D916 /* LineChartDataSource.swift */,
				52E803CD2C51021F0001D916 /* LineChartDelegate.swift */,
				52E803D02C51021F0001D916 /* LineChartHelper.swift */,
				52E803D32C51021F0001D916 /* LineChartView.swift */,
			);
			path = LineChartView;
			sourceTree = "<group>";
		};
/* End PBXGroup section */

/* Begin PBXNativeTarget section */
		52E803B42C51019B0001D916 /* SwiftLineChart */ = {
			isa = PBXNativeTarget;
			buildConfigurationList = 52E803C92C51019D0001D916 /* Build configuration list for PBXNativeTarget "SwiftLineChart" */;
			buildPhases = (
				52E803B12C51019B0001D916 /* Sources */,
				52E803B22C51019B0001D916 /* Frameworks */,
				52E803B32C51019B0001D916 /* Resources */,
			);
			buildRules = (
			);
			dependencies = (
			);
			name = SwiftLineChart;
			productName = SwiftLineChart;
			productReference = 52E803B52C51019B0001D916 /* SwiftLineChart.app */;
			productType = "com.apple.product-type.application";
		};
/* End PBXNativeTarget section */

/* Begin PBXProject section */
		52E803AD2C51019B0001D916 /* Project object */ = {
			isa = PBXProject;
			attributes = {
				BuildIndependentTargetsInParallel = 1;
				LastSwiftUpdateCheck = 1530;
				LastUpgradeCheck = 1530;
				TargetAttributes = {
					52E803B42C51019B0001D916 = {
						CreatedOnToolsVersion = 15.3;
					};
				};
			};
			buildConfigurationList = 52E803B02C51019B0001D916 /* Build configuration list for PBXProject "SwiftLineChart" */;
			compatibilityVersion = "Xcode 14.0";
			developmentRegion = en;
			hasScannedForEncodings = 0;
			knownRegions = (
				en,
				Base,
			);
			mainGroup = 52E803AC2C51019B0001D916;
			productRefGroup = 52E803B62C51019B0001D916 /* Products */;
			projectDirPath = "";
			projectRoot = "";
			targets = (
				52E803B42C51019B0001D916 /* SwiftLineChart */,
			);
		};
/* End PBXProject section */

/* Begin PBXResourcesBuildPhase section */
		52E803B32C51019B0001D916 /* Resources */ = {
			isa = PBXResourcesBuildPhase;
			buildActionMask = 2147483647;
			files = (
				52E803DC2C510B900001D916 /* README.md in Resources */,
				52E803C22C51019D0001D916 /* Assets.xcassets in Resources */,
				520A5EA52C51E6C7000E3A8D /* Screenshot 2024-07-25 at 8.49.53 in the morning.png in Resources */,
				52E803C52C51019D0001D916 /* Base in Resources */,
				52E803C02C51019B0001D916 /* Base in Resources */,
				520A5EA32C51E6B2000E3A8D /* Screenshot 2024-07-25 at 8.49.32 in the morning.png in Resources */,
			);
			runOnlyForDeploymentPostprocessing = 0;
		};
/* End PBXResourcesBuildPhase section */

/* Begin PBXSourcesBuildPhase section */
		52E803B12C51019B0001D916 /* Sources */ = {
			isa = PBXSourcesBuildPhase;
			buildActionMask = 2147483647;
			files = (
				52E803D72C51021F0001D916 /* LineChartHelper.swift in Sources */,
				52E803D82C51021F0001D916 /* CenterTextLayer.swift in Sources */,
				52E803D92C51021F0001D916 /* LineChartData.swift in Sources */,
				52E803BD2C51019B0001D916 /* ViewController.swift in Sources */,
				52E803B92C51019B0001D916 /* AppDelegate.swift in Sources */,
				52E803DA2C51021F0001D916 /* LineChartView.swift in Sources */,
				52E803D62C51021F0001D916 /* LineChartDataSource.swift in Sources */,
				52E803D52C51021F0001D916 /* BezierSegmentControlPoints.swift in Sources */,
				52E803D42C51021F0001D916 /* LineChartDelegate.swift in Sources */,
			);
			runOnlyForDeploymentPostprocessing = 0;
		};
/* End PBXSourcesBuildPhase section */

/* Begin PBXVariantGroup section */
		52E803BE2C51019B0001D916 /* Main.storyboard */ = {
			isa = PBXVariantGroup;
			children = (
				52E803BF2C51019B0001D916 /* Base */,
			);
			name = Main.storyboard;
			sourceTree = "<group>";
		};
		52E803C32C51019D0001D916 /* LaunchScreen.storyboard */ = {
			isa = PBXVariantGroup;
			children = (
				52E803C42C51019D0001D916 /* Base */,
			);
			name = LaunchScreen.storyboard;
			sourceTree = "<group>";
		};
/* End PBXVariantGroup section */

/* Begin XCBuildConfiguration section */
		52E803C72C51019D0001D916 /* Debug */ = {
			isa = XCBuildConfiguration;
			buildSettings = {
				ALWAYS_SEARCH_USER_PATHS = NO;
				ASSETCATALOG_COMPILER_GENERATE_SWIFT_ASSET_SYMBOL_EXTENSIONS = YES;
				CLANG_ANALYZER_NONNULL = YES;
				CLANG_ANALYZER_NUMBER_OBJECT_CONVERSION = YES_AGGRESSIVE;
				CLANG_CXX_LANGUAGE_STANDARD = "gnu++20";
				CLANG_ENABLE_MODULES = YES;
				CLANG_ENABLE_OBJC_ARC = YES;
				CLANG_ENABLE_OBJC_WEAK = YES;
				CLANG_WARN_BLOCK_CAPTURE_AUTORELEASING = YES;
				CLANG_WARN_BOOL_CONVERSION = YES;
				CLANG_WARN_COMMA = YES;
				CLANG_WARN_CONSTANT_CONVERSION = YES;
				CLANG_WARN_DEPRECATED_OBJC_IMPLEMENTATIONS = YES;
				CLANG_WARN_DIRECT_OBJC_ISA_USAGE = YES_ERROR;
				CLANG_WARN_DOCUMENTATION_COMMENTS = YES;
				CLANG_WARN_EMPTY_BODY = YES;
				CLANG_WARN_ENUM_CONVERSION = YES;
				CLANG_WARN_INFINITE_RECURSION = YES;
				CLANG_WARN_INT_CONVERSION = YES;
				CLANG_WARN_NON_LITERAL_NULL_CONVERSION = YES;
				CLANG_WARN_OBJC_IMPLICIT_RETAIN_SELF = YES;
				CLANG_WARN_OBJC_LITERAL_CONVERSION = YES;
				CLANG_WARN_OBJC_ROOT_CLASS = YES_ERROR;
				CLANG_WARN_QUOTED_INCLUDE_IN_FRAMEWORK_HEADER = YES;
				CLANG_WARN_RANGE_LOOP_ANALYSIS = YES;
				CLANG_WARN_STRICT_PROTOTYPES = YES;
				CLANG_WARN_SUSPICIOUS_MOVE = YES;
				CLANG_WARN_UNGUARDED_AVAILABILITY = YES_AGGRESSIVE;
				CLANG_WARN_UNREACHABLE_CODE = YES;
				CLANG_WARN__DUPLICATE_METHOD_MATCH = YES;
				COPY_PHASE_STRIP = NO;
				DEBUG_INFORMATION_FORMAT = dwarf;
				ENABLE_STRICT_OBJC_MSGSEND = YES;
				ENABLE_TESTABILITY = YES;
				ENABLE_USER_SCRIPT_SANDBOXING = YES;
				GCC_C_LANGUAGE_STANDARD = gnu17;
				GCC_DYNAMIC_NO_PIC = NO;
				GCC_NO_COMMON_BLOCKS = YES;
				GCC_OPTIMIZATION_LEVEL = 0;
				GCC_PREPROCESSOR_DEFINITIONS = (
					"DEBUG=1",
					"$(inherited)",
				);
				GCC_WARN_64_TO_32_BIT_CONVERSION = YES;
				GCC_WARN_ABOUT_RETURN_TYPE = YES_ERROR;
				GCC_WARN_UNDECLARED_SELECTOR = YES;
				GCC_WARN_UNINITIALIZED_AUTOS = YES_AGGRESSIVE;
				GCC_WARN_UNUSED_FUNCTION = YES;
				GCC_WARN_UNUSED_VARIABLE = YES;
				IPHONEOS_DEPLOYMENT_TARGET = 17.4;
				LOCALIZATION_PREFERS_STRING_CATALOGS = YES;
				MTL_ENABLE_DEBUG_INFO = INCLUDE_SOURCE;
				MTL_FAST_MATH = YES;
				ONLY_ACTIVE_ARCH = YES;
				SDKROOT = iphoneos;
				SWIFT_ACTIVE_COMPILATION_CONDITIONS = "DEBUG $(inherited)";
				SWIFT_OPTIMIZATION_LEVEL = "-Onone";
			};
			name = Debug;
		};
		52E803C82C51019D0001D916 /* Release */ = {
			isa = XCBuildConfiguration;
			buildSettings = {
				ALWAYS_SEARCH_USER_PATHS = NO;
				ASSETCATALOG_COMPILER_GENERATE_SWIFT_ASSET_SYMBOL_EXTENSIONS = YES;
				CLANG_ANALYZER_NONNULL = YES;
				CLANG_ANALYZER_NUMBER_OBJECT_CONVERSION = YES_AGGRESSIVE;
				CLANG_CXX_LANGUAGE_STANDARD = "gnu++20";
				CLANG_ENABLE_MODULES = YES;
				CLANG_ENABLE_OBJC_ARC = YES;
				CLANG_ENABLE_OBJC_WEAK = YES;
				CLANG_WARN_BLOCK_CAPTURE_AUTORELEASING = YES;
				CLANG_WARN_BOOL_CONVERSION = YES;
				CLANG_WARN_COMMA = YES;
				CLANG_WARN_CONSTANT_CONVERSION = YES;
				CLANG_WARN_DEPRECATED_OBJC_IMPLEMENTATIONS = YES;
				CLANG_WARN_DIRECT_OBJC_ISA_USAGE = YES_ERROR;
				CLANG_WARN_DOCUMENTATION_COMMENTS = YES;
				CLANG_WARN_EMPTY_BODY = YES;
				CLANG_WARN_ENUM_CONVERSION = YES;
				CLANG_WARN_INFINITE_RECURSION = YES;
				CLANG_WARN_INT_CONVERSION = YES;
				CLANG_WARN_NON_LITERAL_NULL_CONVERSION = YES;
				CLANG_WARN_OBJC_IMPLICIT_RETAIN_SELF = YES;
				CLANG_WARN_OBJC_LITERAL_CONVERSION = YES;
				CLANG_WARN_OBJC_ROOT_CLASS = YES_ERROR;
				CLANG_WARN_QUOTED_INCLUDE_IN_FRAMEWORK_HEADER = YES;
				CLANG_WARN_RANGE_LOOP_ANALYSIS = YES;
				CLANG_WARN_STRICT_PROTOTYPES = YES;
				CLANG_WARN_SUSPICIOUS_MOVE = YES;
				CLANG_WARN_UNGUARDED_AVAILABILITY = YES_AGGRESSIVE;
				CLANG_WARN_UNREACHABLE_CODE = YES;
				CLANG_WARN__DUPLICATE_METHOD_MATCH = YES;
				COPY_PHASE_STRIP = NO;
				DEBUG_INFORMATION_FORMAT = "dwarf-with-dsym";
				ENABLE_NS_ASSERTIONS = NO;
				ENABLE_STRICT_OBJC_MSGSEND = YES;
				ENABLE_USER_SCRIPT_SANDBOXING = YES;
				GCC_C_LANGUAGE_STANDARD = gnu17;
				GCC_NO_COMMON_BLOCKS = YES;
				GCC_WARN_64_TO_32_BIT_CONVERSION = YES;
				GCC_WARN_ABOUT_RETURN_TYPE = YES_ERROR;
				GCC_WARN_UNDECLARED_SELECTOR = YES;
				GCC_WARN_UNINITIALIZED_AUTOS = YES_AGGRESSIVE;
				GCC_WARN_UNUSED_FUNCTION = YES;
				GCC_WARN_UNUSED_VARIABLE = YES;
				IPHONEOS_DEPLOYMENT_TARGET = 17.4;
				LOCALIZATION_PREFERS_STRING_CATALOGS = YES;
				MTL_ENABLE_DEBUG_INFO = NO;
				MTL_FAST_MATH = YES;
				SDKROOT = iphoneos;
				SWIFT_COMPILATION_MODE = wholemodule;
				VALIDATE_PRODUCT = YES;
			};
			name = Release;
		};
		52E803CA2C51019D0001D916 /* Debug */ = {
			isa = XCBuildConfiguration;
			buildSettings = {
				ASSETCATALOG_COMPILER_APPICON_NAME = AppIcon;
				ASSETCATALOG_COMPILER_GLOBAL_ACCENT_COLOR_NAME = AccentColor;
				CODE_SIGN_STYLE = Automatic;
				CURRENT_PROJECT_VERSION = 1;
				DEVELOPMENT_TEAM = 8U3B5C9DWM;
				GENERATE_INFOPLIST_FILE = YES;
				INFOPLIST_FILE = SwiftLineChart/Info.plist;
				INFOPLIST_KEY_UIApplicationSupportsIndirectInputEvents = YES;
				INFOPLIST_KEY_UILaunchStoryboardName = LaunchScreen;
				INFOPLIST_KEY_UIMainStoryboardFile = Main;
				INFOPLIST_KEY_UISupportedInterfaceOrientations_iPad = "UIInterfaceOrientationPortrait UIInterfaceOrientationPortraitUpsideDown UIInterfaceOrientationLandscapeLeft UIInterfaceOrientationLandscapeRight";
				INFOPLIST_KEY_UISupportedInterfaceOrientations_iPhone = "UIInterfaceOrientationPortrait UIInterfaceOrientationLandscapeLeft UIInterfaceOrientationLandscapeRight";
				IPHONEOS_DEPLOYMENT_TARGET = 12.0;
				LD_RUNPATH_SEARCH_PATHS = (
					"$(inherited)",
					"@executable_path/Frameworks",
				);
				MARKETING_VERSION = 1.0;
				PRODUCT_BUNDLE_IDENTIFIER = com.nimol.iOSDev.SwiftLineChart;
				PRODUCT_NAME = "$(TARGET_NAME)";
				SWIFT_EMIT_LOC_STRINGS = YES;
				SWIFT_VERSION = 5.0;
				TARGETED_DEVICE_FAMILY = "1,2";
			};
			name = Debug;
		};
		52E803CB2C51019D0001D916 /* Release */ = {
			isa = XCBuildConfiguration;
			buildSettings = {
				ASSETCATALOG_COMPILER_APPICON_NAME = AppIcon;
				ASSETCATALOG_COMPILER_GLOBAL_ACCENT_COLOR_NAME = AccentColor;
				CODE_SIGN_STYLE = Automatic;
				CURRENT_PROJECT_VERSION = 1;
				DEVELOPMENT_TEAM = 8U3B5C9DWM;
				GENERATE_INFOPLIST_FILE = YES;
				INFOPLIST_FILE = SwiftLineChart/Info.plist;
				INFOPLIST_KEY_UIApplicationSupportsIndirectInputEvents = YES;
				INFOPLIST_KEY_UILaunchStoryboardName = LaunchScreen;
				INFOPLIST_KEY_UIMainStoryboardFile = Main;
				INFOPLIST_KEY_UISupportedInterfaceOrientations_iPad = "UIInterfaceOrientationPortrait UIInterfaceOrientationPortraitUpsideDown UIInterfaceOrientationLandscapeLeft UIInterfaceOrientationLandscapeRight";
				INFOPLIST_KEY_UISupportedInterfaceOrientations_iPhone = "UIInterfaceOrientationPortrait UIInterfaceOrientationLandscapeLeft UIInterfaceOrientationLandscapeRight";
				IPHONEOS_DEPLOYMENT_TARGET = 12.0;
				LD_RUNPATH_SEARCH_PATHS = (
					"$(inherited)",
					"@executable_path/Frameworks",
				);
				MARKETING_VERSION = 1.0;
				PRODUCT_BUNDLE_IDENTIFIER = com.nimol.iOSDev.SwiftLineChart;
				PRODUCT_NAME = "$(TARGET_NAME)";
				SWIFT_EMIT_LOC_STRINGS = YES;
				SWIFT_VERSION = 5.0;
				TARGETED_DEVICE_FAMILY = "1,2";
			};
			name = Release;
		};
/* End XCBuildConfiguration section */

/* Begin XCConfigurationList section */
		52E803B02C51019B0001D916 /* Build configuration list for PBXProject "SwiftLineChart" */ = {
			isa = XCConfigurationList;
			buildConfigurations = (
				52E803C72C51019D0001D916 /* Debug */,
				52E803C82C51019D0001D916 /* Release */,
			);
			defaultConfigurationIsVisible = 0;
			defaultConfigurationName = Release;
		};
		52E803C92C51019D0001D916 /* Build configuration list for PBXNativeTarget "SwiftLineChart" */ = {
			isa = XCConfigurationList;
			buildConfigurations = (
				52E803CA2C51019D0001D916 /* Debug */,
				52E803CB2C51019D0001D916 /* Release */,
			);
			defaultConfigurationIsVisible = 0;
			defaultConfigurationName = Release;
		};
/* End XCConfigurationList section */
	};
	rootObject = 52E803AD2C51019B0001D916 /* Project object */;
}
